{
  "name": "@ushell/modulebase",
  "version": "1.0.0",
  "lockfileVersion": 1,
  "requires": true,
  "dependencies": {
    "@kornsw/entityschema": {
      "version": "1.1.0",
      "resolved": "https://registry.npmjs.org/@kornsw/entityschema/-/entityschema-1.1.0.tgz",
      "integrity": "sha512-QbORPlcAgcxlo1y9x3TLg6QXkDOh698OyaD7zS/xwd7CWrmea40CoTHiXzWEXJj7Ve5X4DMxujjpmH2c7ZkouQ=="
    }
  }
}
